
Microsoft Visual Studio Solution File, Format Version 12.00
# Visual Studio Version 17
VisualStudioVersion = 17.8.34330.188
MinimumVisualStudioVersion = 10.0.40219.1
Project("{FAE04EC0-301F-11D3-BF4B-00C04F79EFBC}") = "NZWalksAPI", "NZWalksAPI\NZWalksAPI.csproj", "{7FC09565-D115-48FD-B8D5-89D36137776D}"
EndProject
Global
	GlobalSection(SolutionConfigurationPlatforms) = preSolution
		Debug|Any CPU = Debug|Any CPU
		Release|Any CPU = Release|Any CPU
	EndGlobalSection
	GlobalSection(ProjectConfigurationPlatforms) = postSolution
		{7FC09565-D115-48FD-B8D5-89D36137776D}.Debug|Any CPU.ActiveCfg = Debug|Any CPU
		{7FC09565-D115-48FD-B8D5-89D36137776D}.Debug|Any CPU.Build.0 = Debug|Any CPU
		{7FC09565-D115-48FD-B8D5-89D36137776D}.Release|Any CPU.ActiveCfg = Release|Any CPU
		{7FC09565-D115-48FD-B8D5-89D36137776D}.Release|Any CPU.Build.0 = Release|Any CPU
	EndGlobalSection
	GlobalSection(SolutionProperties) = preSolution
		HideSolutionNode = FALSE
	EndGlobalSection
	GlobalSection(ExtensibilityGlobals) = postSolution
		SolutionGuid = {259AE642-2E73-4878-9E3E-E56402480A61}
	EndGlobalSection
EndGlobal
